
Microsoft Visual Studio Solution File, Format Version 12.00
# Visual Studio Version 17
VisualStudioVersion = 17.5.33627.172
MinimumVisualStudioVersion = 10.0.40219.1
Project("{8BC9CEB8-8B4A-11D0-8D11-00A0C91BC942}") = "FreeWork-3.4", "FreeWork-3.4\FreeWork-3.4.vcxproj", "{EC8B095C-2DFB-4372-BA6A-6AC3CD579766}"
EndProject
Global
	GlobalSection(SolutionConfigurationPlatforms) = preSolution
		Debug|x64 = Debug|x64
		Debug|x86 = Debug|x86
		Release|x64 = Release|x64
		Release|x86 = Release|x86
	EndGlobalSection
	GlobalSection(ProjectConfigurationPlatforms) = postSolution
		{EC8B095C-2DFB-4372-BA6A-6AC3CD579766}.Debug|x64.ActiveCfg = Debug|x64
		{EC8B095C-2DFB-4372-BA6A-6AC3CD579766}.Debug|x64.Build.0 = Debug|x64
		{EC8B095C-2DFB-4372-BA6A-6AC3CD579766}.Debug|x86.ActiveCfg = Debug|Win32
		{EC8B095C-2DFB-4372-BA6A-6AC3CD579766}.Debug|x86.Build.0 = Debug|Win32
		{EC8B095C-2DFB-4372-BA6A-6AC3CD579766}.Release|x64.ActiveCfg = Release|x64
		{EC8B095C-2DFB-4372-BA6A-6AC3CD579766}.Release|x64.Build.0 = Release|x64
		{EC8B095C-2DFB-4372-BA6A-6AC3CD579766}.Release|x86.ActiveCfg = Release|Win32
		{EC8B095C-2DFB-4372-BA6A-6AC3CD579766}.Release|x86.Build.0 = Release|Win32
	EndGlobalSection
	GlobalSection(SolutionProperties) = preSolution
		HideSolutionNode = FALSE
	EndGlobalSection
	GlobalSection(ExtensibilityGlobals) = postSolution
		SolutionGuid = {4B3D4DEB-F26E-472F-A68B-ED07B900E83A}
	EndGlobalSection
EndGlobal
